
Microsoft Visual Studio Solution File, Format Version 12.00
# Visual Studio Version 17
VisualStudioVersion = 17.5.33502.453
MinimumVisualStudioVersion = 10.0.40219.1
Project("{FAE04EC0-301F-11D3-BF4B-00C04F79EFBC}") = "Prototype", "Prototype.csproj", "{C64218FF-D7E8-4384-B19F-09136F01D7A9}"
EndProject
Global
	GlobalSection(SolutionConfigurationPlatforms) = preSolution
		Debug|Any CPU = Debug|Any CPU
		Release|Any CPU = Release|Any CPU
	EndGlobalSection
	GlobalSection(ProjectConfigurationPlatforms) = postSolution
		{C64218FF-D7E8-4384-B19F-09136F01D7A9}.Debug|Any CPU.ActiveCfg = Debug|Any CPU
		{C64218FF-D7E8-4384-B19F-09136F01D7A9}.Debug|Any CPU.Build.0 = Debug|Any CPU
		{C64218FF-D7E8-4384-B19F-09136F01D7A9}.Release|Any CPU.ActiveCfg = Release|Any CPU
		{C64218FF-D7E8-4384-B19F-09136F01D7A9}.Release|Any CPU.Build.0 = Release|Any CPU
	EndGlobalSection
	GlobalSection(SolutionProperties) = preSolution
		HideSolutionNode = FALSE
	EndGlobalSection
	GlobalSection(ExtensibilityGlobals) = postSolution
		SolutionGuid = {289E1B22-E53D-4F7A-AA90-6E9A01F315CB}
	EndGlobalSection
EndGlobal
